// !$*UTF8*$!
{
	archiveVersion = 1;
	classes = {
	};
	objectVersion = 51;
	objects = {

/* Begin PBXBuildFile section */
		0D1BEBCEDD5D49662048BD72 /* Pods_ParstagramTests.framework in Frameworks */ = {isa = PBXBuildFile; fileRef = 617E07B11541196505252666 /* Pods_ParstagramTests.framework */; };
		C4B7CCCEF821E680E7DAF0A9 /* Pods_Parstagram.framework in Frameworks */ = {isa = PBXBuildFile; fileRef = 7DDC1320FF9F04C961347112 /* Pods_Parstagram.framework */; };
		CAFE22D125D13152009CAAFA /* AppDelegate.swift in Sources */ = {isa = PBXBuildFile; fileRef = CAFE22D025D13152009CAAFA /* AppDelegate.swift */; };
		CAFE22D325D13152009CAAFA /* SceneDelegate.swift in Sources */ = {isa = PBXBuildFile; fileRef = CAFE22D225D13152009CAAFA /* SceneDelegate.swift */; };
		CAFE22D825D13152009CAAFA /* Main.storyboard in Resources */ = {isa = PBXBuildFile; fileRef = CAFE22D625D13152009CAAFA /* Main.storyboard */; };
		CAFE22DA25D13153009CAAFA /* Assets.xcassets in Resources */ = {isa = PBXBuildFile; fileRef = CAFE22D925D13153009CAAFA /* Assets.xcassets */; };
		CAFE22DD25D13153009CAAFA /* LaunchScreen.storyboard in Resources */ = {isa = PBXBuildFile; fileRef = CAFE22DB25D13153009CAAFA /* LaunchScreen.storyboard */; };
		CAFE22E825D13154009CAAFA /* ParstagramTests.swift in Sources */ = {isa = PBXBuildFile; fileRef = CAFE22E725D13154009CAAFA /* ParstagramTests.swift */; };
		CAFE22F325D13154009CAAFA /* ParstagramUITests.swift in Sources */ = {isa = PBXBuildFile; fileRef = CAFE22F225D13154009CAAFA /* ParstagramUITests.swift */; };
		CAFE231025D13B8C009CAAFA /* LoginViewController.swift in Sources */ = {isa = PBXBuildFile; fileRef = CAFE230F25D13B8C009CAAFA /* LoginViewController.swift */; };
		CAFE231525D13B9B009CAAFA /* FeedViewController.swift in Sources */ = {isa = PBXBuildFile; fileRef = CAFE231425D13B9B009CAAFA /* FeedViewController.swift */; };
		CAFE231A25D14B1F009CAAFA /* CameraViewController.swift in Sources */ = {isa = PBXBuildFile; fileRef = CAFE231925D14B1F009CAAFA /* CameraViewController.swift */; };
		CAFE233225D15498009CAAFA /* PostCell.swift in Sources */ = {isa = PBXBuildFile; fileRef = CAFE233125D15498009CAAFA /* PostCell.swift */; };
		E44894A53107EE75B20E7F90 /* Pods_Parstagram_ParstagramUITests.framework in Frameworks */ = {isa = PBXBuildFile; fileRef = 12AE311CE3C85B34C3AC588F /* Pods_Parstagram_ParstagramUITests.framework */; };
/* End PBXBuildFile section */

/* Begin PBXContainerItemProxy section */
		CAFE22E425D13154009CAAFA /* PBXContainerItemProxy */ = {
			isa = PBXContainerItemProxy;
			containerPortal = CAFE22C525D13152009CAAFA /* Project object */;
			proxyType = 1;
			remoteGlobalIDString = CAFE22CC25D13152009CAAFA;
			remoteInfo = Parstagram;
		};
		CAFE22EF25D13154009CAAFA /* PBXContainerItemProxy */ = {
			isa = PBXContainerItemProxy;
			containerPortal = CAFE22C525D13152009CAAFA /* Project object */;
			proxyType = 1;
			remoteGlobalIDString = CAFE22CC25D13152009CAAFA;
			remoteInfo = Parstagram;
		};
/* End PBXContainerItemProxy section */

/* Begin PBXFileReference section */
		12AE311CE3C85B34C3AC588F /* Pods_Parstagram_ParstagramUITests.framework */ = {isa = PBXFileReference; explicitFileType = wrapper.framework; includeInIndex = 0; path = Pods_Parstagram_ParstagramUITests.framework; sourceTree = BUILT_PRODUCTS_DIR; };
		26C285B9372FA687374880D3 /* Pods-ParstagramTests.release.xcconfig */ = {isa = PBXFileReference; includeInIndex = 1; lastKnownFileType = text.xcconfig; name = "Pods-ParstagramTests.release.xcconfig"; path = "Target Support Files/Pods-ParstagramTests/Pods-ParstagramTests.release.xcconfig"; sourceTree = "<group>"; };
		2EEE145740C989EEF26C187E /* Pods-Parstagram-ParstagramUITests.debug.xcconfig */ = {isa = PBXFileReference; includeInIndex = 1; lastKnownFileType = text.xcconfig; name = "Pods-Parstagram-ParstagramUITests.debug.xcconfig"; path = "Target Support Files/Pods-Parstagram-ParstagramUITests/Pods-Parstagram-ParstagramUITests.debug.xcconfig"; sourceTree = "<group>"; };
		617E07B11541196505252666 /* Pods_ParstagramTests.framework */ = {isa = PBXFileReference; explicitFileType = wrapper.framework; includeInIndex = 0; path = Pods_ParstagramTests.framework; sourceTree = BUILT_PRODUCTS_DIR; };
		7DDC1320FF9F04C961347112 /* Pods_Parstagram.framework */ = {isa = PBXFileReference; explicitFileType = wrapper.framework; includeInIndex = 0; path = Pods_Parstagram.framework; sourceTree = BUILT_PRODUCTS_DIR; };
		835C7590A3AE01D8AE0703E6 /* Pods-Parstagram.debug.xcconfig */ = {isa = PBXFileReference; includeInIndex = 1; lastKnownFileType = text.xcconfig; name = "Pods-Parstagram.debug.xcconfig"; path = "Target Support Files/Pods-Parstagram/Pods-Parstagram.debug.xcconfig"; sourceTree = "<group>"; };
		A61CE1EF719FEA26DC5EF120 /* Pods-ParstagramTests.debug.xcconfig */ = {isa = PBXFileReference; includeInIndex = 1; lastKnownFileType = text.xcconfig; name = "Pods-ParstagramTests.debug.xcconfig"; path = "Target Support Files/Pods-ParstagramTests/Pods-ParstagramTests.debug.xcconfig"; sourceTree = "<group>"; };
		C46DE22A32033CFB8EF699AD /* Pods-Parstagram.release.xcconfig */ = {isa = PBXFileReference; includeInIndex = 1; lastKnownFileType = text.xcconfig; name = "Pods-Parstagram.release.xcconfig"; path = "Target Support Files/Pods-Parstagram/Pods-Parstagram.release.xcconfig"; sourceTree = "<group>"; };
		CAFE22CD25D13152009CAAFA /* Parstagram.app */ = {isa = PBXFileReference; explicitFileType = wrapper.application; includeInIndex = 0; path = Parstagram.app; sourceTree = BUILT_PRODUCTS_DIR; };
		CAFE22D025D13152009CAAFA /* AppDelegate.swift */ = {isa = PBXFileReference; lastKnownFileType = sourcecode.swift; path = AppDelegate.swift; sourceTree = "<group>"; };
		CAFE22D225D13152009CAAFA /* SceneDelegate.swift */ = {isa = PBXFileReference; lastKnownFileType = sourcecode.swift; path = SceneDelegate.swift; sourceTree = "<group>"; };
		CAFE22D725D13152009CAAFA /* Base */ = {isa = PBXFileReference; lastKnownFileType = file.storyboard; name = Base; path = Base.lproj/Main.storyboard; sourceTree = "<group>"; };
		CAFE22D925D13153009CAAFA /* Assets.xcassets */ = {isa = PBXFileReference; lastKnownFileType = folder.assetcatalog; path = Assets.xcassets; sourceTree = "<group>"; };
		CAFE22DC25D13153009CAAFA /* Base */ = {isa = PBXFileReference; lastKnownFileType = file.storyboard; name = Base; path = Base.lproj/LaunchScreen.storyboard; sourceTree = "<group>"; };
		CAFE22DE25D13153009CAAFA /* Info.plist */ = {isa = PBXFileReference; lastKnownFileType = text.plist.xml; path = Info.plist; sourceTree = "<group>"; };
		CAFE22E325D13154009CAAFA /* ParstagramTests.xctest */ = {isa = PBXFileReference; explicitFileType = wrapper.cfbundle; includeInIndex = 0; path = ParstagramTests.xctest; sourceTree = BUILT_PRODUCTS_DIR; };
		CAFE22E725D13154009CAAFA /* ParstagramTests.swift */ = {isa = PBXFileReference; lastKnownFileType = sourcecode.swift; path = ParstagramTests.swift; sourceTree = "<group>"; };
		CAFE22E925D13154009CAAFA /* Info.plist */ = {isa = PBXFileReference; lastKnownFileType = text.plist.xml; path = Info.plist; sourceTree = "<group>"; };
		CAFE22EE25D13154009CAAFA /* ParstagramUITests.xctest */ = {isa = PBXFileReference; explicitFileType = wrapper.cfbundle; includeInIndex = 0; path = ParstagramUITests.xctest; sourceTree = BUILT_PRODUCTS_DIR; };
		CAFE22F225D13154009CAAFA /* ParstagramUITests.swift */ = {isa = PBXFileReference; lastKnownFileType = sourcecode.swift; path = ParstagramUITests.swift; sourceTree = "<group>"; };
		CAFE22F425D13154009CAAFA /* Info.plist */ = {isa = PBXFileReference; lastKnownFileType = text.plist.xml; path = Info.plist; sourceTree = "<group>"; };
		CAFE230F25D13B8C009CAAFA /* LoginViewController.swift */ = {isa = PBXFileReference; lastKnownFileType = sourcecode.swift; path = LoginViewController.swift; sourceTree = "<group>"; };
		CAFE231425D13B9B009CAAFA /* FeedViewController.swift */ = {isa = PBXFileReference; lastKnownFileType = sourcecode.swift; path = FeedViewController.swift; sourceTree = "<group>"; };
		CAFE231925D14B1F009CAAFA /* CameraViewController.swift */ = {isa = PBXFileReference; lastKnownFileType = sourcecode.swift; path = CameraViewController.swift; sourceTree = "<group>"; };
		CAFE233125D15498009CAAFA /* PostCell.swift */ = {isa = PBXFileReference; lastKnownFileType = sourcecode.swift; path = PostCell.swift; sourceTree = "<group>"; };
		F7797EF57B1764B87096C8AE /* Pods-Parstagram-ParstagramUITests.release.xcconfig */ = {isa = PBXFileReference; includeInIndex = 1; lastKnownFileType = text.xcconfig; name = "Pods-Parstagram-ParstagramUITests.release.xcconfig"; path = "Target Support Files/Pods-Parstagram-ParstagramUITests/Pods-Parstagram-ParstagramUITests.release.xcconfig"; sourceTree = "<group>"; };
/* End PBXFileReference section */

/* Begin PBXFrameworksBuildPhase section */
		CAFE22CA25D13152009CAAFA /* Frameworks */ = {
			isa = PBXFrameworksBuildPhase;
			buildActionMask = 2147483647;
			files = (
				C4B7CCCEF821E680E7DAF0A9 /* Pods_Parstagram.framework in Frameworks */,
			);
			runOnlyForDeploymentPostprocessing = 0;
		};
		CAFE22E025D13154009CAAFA /* Frameworks */ = {
			isa = PBXFrameworksBuildPhase;
			buildActionMask = 2147483647;
			files = (
				0D1BEBCEDD5D49662048BD72 /* Pods_ParstagramTests.framework in Frameworks */,
			);
			runOnlyForDeploymentPostprocessing = 0;
		};
		CAFE22EB25D13154009CAAFA /* Frameworks */ = {
			isa = PBXFrameworksBuildPhase;
			buildActionMask = 2147483647;
			files = (
				E44894A53107EE75B20E7F90 /* Pods_Parstagram_ParstagramUITests.framework in Frameworks */,
			);
			runOnlyForDeploymentPostprocessing = 0;
		};
/* End PBXFrameworksBuildPhase section */

/* Begin PBXGroup section */
		276E96C00ED1F8021AE77FB7 /* Pods */ = {
			isa = PBXGroup;
			children = (
				835C7590A3AE01D8AE0703E6 /* Pods-Parstagram.debug.xcconfig */,
				C46DE22A32033CFB8EF699AD /* Pods-Parstagram.release.xcconfig */,
				2EEE145740C989EEF26C187E /* Pods-Parstagram-ParstagramUITests.debug.xcconfig */,
				F7797EF57B1764B87096C8AE /* Pods-Parstagram-ParstagramUITests.release.xcconfig */,
				A61CE1EF719FEA26DC5EF120 /* Pods-ParstagramTests.debug.xcconfig */,
				26C285B9372FA687374880D3 /* Pods-ParstagramTests.release.xcconfig */,
			);
			path = Pods;
			sourceTree = "<group>";
		};
		66822443B9B05461D4BDD590 /* Frameworks */ = {
			isa = PBXGroup;
			children = (
				7DDC1320FF9F04C961347112 /* Pods_Parstagram.framework */,
				12AE311CE3C85B34C3AC588F /* Pods_Parstagram_ParstagramUITests.framework */,
				617E07B11541196505252666 /* Pods_ParstagramTests.framework */,
			);
			name = Frameworks;
			sourceTree = "<group>";
		};
		CAFE22C425D13152009CAAFA = {
			isa = PBXGroup;
			children = (
				CAFE22CF25D13152009CAAFA /* Parstagram */,
				CAFE22E625D13154009CAAFA /* ParstagramTests */,
				CAFE22F125D13154009CAAFA /* ParstagramUITests */,
				CAFE22CE25D13152009CAAFA /* Products */,
				276E96C00ED1F8021AE77FB7 /* Pods */,
				66822443B9B05461D4BDD590 /* Frameworks */,
			);
			sourceTree = "<group>";
		};
		CAFE22CE25D13152009CAAFA /* Products */ = {
			isa = PBXGroup;
			children = (
				CAFE22CD25D13152009CAAFA /* Parstagram.app */,
				CAFE22E325D13154009CAAFA /* ParstagramTests.xctest */,
				CAFE22EE25D13154009CAAFA /* ParstagramUITests.xctest */,
			);
			name = Products;
			sourceTree = "<group>";
		};
		CAFE22CF25D13152009CAAFA /* Parstagram */ = {
			isa = PBXGroup;
			children = (
				CAFE22D025D13152009CAAFA /* AppDelegate.swift */,
				CAFE22D225D13152009CAAFA /* SceneDelegate.swift */,
				CAFE22D625D13152009CAAFA /* Main.storyboard */,
				CAFE22D925D13153009CAAFA /* Assets.xcassets */,
				CAFE22DB25D13153009CAAFA /* LaunchScreen.storyboard */,
				CAFE22DE25D13153009CAAFA /* Info.plist */,
				CAFE230F25D13B8C009CAAFA /* LoginViewController.swift */,
				CAFE231425D13B9B009CAAFA /* FeedViewController.swift */,
				CAFE231925D14B1F009CAAFA /* CameraViewController.swift */,
				CAFE233125D15498009CAAFA /* PostCell.swift */,
			);
			path = Parstagram;
			sourceTree = "<group>";
		};
		CAFE22E625D13154009CAAFA /* ParstagramTests */ = {
			isa = PBXGroup;
			children = (
				CAFE22E725D13154009CAAFA /* ParstagramTests.swift */,
				CAFE22E925D13154009CAAFA /* Info.plist */,
			);
			path = ParstagramTests;
			sourceTree = "<group>";
		};
		CAFE22F125D13154009CAAFA /* ParstagramUITests */ = {
			isa = PBXGroup;
			children = (
				CAFE22F225D13154009CAAFA /* ParstagramUITests.swift */,
				CAFE22F425D13154009CAAFA /* Info.plist */,
			);
			path = ParstagramUITests;
			sourceTree = "<group>";
		};
/* End PBXGroup section */

/* Begin PBXNativeTarget section */
		CAFE22CC25D13152009CAAFA /* Parstagram */ = {
			isa = PBXNativeTarget;
			buildConfigurationList = CAFE22F725D13154009CAAFA /* Build configuration list for PBXNativeTarget "Parstagram" */;
			buildPhases = (
				7868A3BBFA087CB2C84DC631 /* [CP] Check Pods Manifest.lock */,
				CAFE22C925D13152009CAAFA /* Sources */,
				CAFE22CA25D13152009CAAFA /* Frameworks */,
				CAFE22CB25D13152009CAAFA /* Resources */,
				060F5DCF2F0AF11488C25545 /* [CP] Embed Pods Frameworks */,
			);
			buildRules = (
			);
			dependencies = (
			);
			name = Parstagram;
			productName = Parstagram;
			productReference = CAFE22CD25D13152009CAAFA /* Parstagram.app */;
			productType = "com.apple.product-type.application";
		};
		CAFE22E225D13154009CAAFA /* ParstagramTests */ = {
			isa = PBXNativeTarget;
			buildConfigurationList = CAFE22FA25D13154009CAAFA /* Build configuration list for PBXNativeTarget "ParstagramTests" */;
			buildPhases = (
				7E61E58C81E67D19A55B28B6 /* [CP] Check Pods Manifest.lock */,
				CAFE22DF25D13154009CAAFA /* Sources */,
				CAFE22E025D13154009CAAFA /* Frameworks */,
				CAFE22E125D13154009CAAFA /* Resources */,
			);
			buildRules = (
			);
			dependencies = (
				CAFE22E525D13154009CAAFA /* PBXTargetDependency */,
			);
			name = ParstagramTests;
			productName = ParstagramTests;
			productReference = CAFE22E325D13154009CAAFA /* ParstagramTests.xctest */;
			productType = "com.apple.product-type.bundle.unit-test";
		};
		CAFE22ED25D13154009CAAFA /* ParstagramUITests */ = {
			isa = PBXNativeTarget;
			buildConfigurationList = CAFE22FD25D13154009CAAFA /* Build configuration list for PBXNativeTarget "ParstagramUITests" */;
			buildPhases = (
				78CD82A573EAC4E3D93EBDE8 /* [CP] Check Pods Manifest.lock */,
				CAFE22EA25D13154009CAAFA /* Sources */,
				CAFE22EB25D13154009CAAFA /* Frameworks */,
				CAFE22EC25D13154009CAAFA /* Resources */,
				87DFB9FB657046D27784B64D /* [CP] Embed Pods Frameworks */,
			);
			buildRules = (
			);
			dependencies = (
				CAFE22F025D13154009CAAFA /* PBXTargetDependency */,
			);
			name = ParstagramUITests;
			productName = ParstagramUITests;
			productReference = CAFE22EE25D13154009CAAFA /* ParstagramUITests.xctest */;
			productType = "com.apple.product-type.bundle.ui-testing";
		};
/* End PBXNativeTarget section */

/* Begin PBXProject section */
		CAFE22C525D13152009CAAFA /* Project object */ = {
			isa = PBXProject;
			attributes = {
				LastSwiftUpdateCheck = 1240;
				LastUpgradeCheck = 1240;
				TargetAttributes = {
					CAFE22CC25D13152009CAAFA = {
						CreatedOnToolsVersion = 12.4;
					};
					CAFE22E225D13154009CAAFA = {
						CreatedOnToolsVersion = 12.4;
						TestTargetID = CAFE22CC25D13152009CAAFA;
					};
					CAFE22ED25D13154009CAAFA = {
						CreatedOnToolsVersion = 12.4;
						TestTargetID = CAFE22CC25D13152009CAAFA;
					};
				};
			};
			buildConfigurationList = CAFE22C825D13152009CAAFA /* Build configuration list for PBXProject "Parstagram" */;
			compatibilityVersion = "Xcode 9.3";
			developmentRegion = en;
			hasScannedForEncodings = 0;
			knownRegions = (
				en,
				Base,
			);
			mainGroup = CAFE22C425D13152009CAAFA;
			productRefGroup = CAFE22CE25D13152009CAAFA /* Products */;
			projectDirPath = "";
			projectRoot = "";
			targets = (
				CAFE22CC25D13152009CAAFA /* Parstagram */,
				CAFE22E225D13154009CAAFA /* ParstagramTests */,
				CAFE22ED25D13154009CAAFA /* ParstagramUITests */,
			);
		};
/* End PBXProject section */

/* Begin PBXResourcesBuildPhase section */
		CAFE22CB25D13152009CAAFA /* Resources */ = {
			isa = PBXResourcesBuildPhase;
			buildActionMask = 2147483647;
			files = (
				CAFE22DD25D13153009CAAFA /* LaunchScreen.storyboard in Resources */,
				CAFE22DA25D13153009CAAFA /* Assets.xcassets in Resources */,
				CAFE22D825D13152009CAAFA /* Main.storyboard in Resources */,
			);
			runOnlyForDeploymentPostprocessing = 0;
		};
		CAFE22E125D13154009CAAFA /* Resources */ = {
			isa = PBXResourcesBuildPhase;
			buildActionMask = 2147483647;
			files = (
			);
			runOnlyForDeploymentPostprocessing = 0;
		};
		CAFE22EC25D13154009CAAFA /* Resources */ = {
			isa = PBXResourcesBuildPhase;
			buildActionMask = 2147483647;
			files = (
			);
			runOnlyForDeploymentPostprocessing = 0;
		};
/* End PBXResourcesBuildPhase section */

/* Begin PBXShellScriptBuildPhase section */
		060F5DCF2F0AF11488C25545 /* [CP] Embed Pods Frameworks */ = {
			isa = PBXShellScriptBuildPhase;
			buildActionMask = 2147483647;
			files = (
			);
			inputFileListPaths = (
				"${PODS_ROOT}/Target Support Files/Pods-Parstagram/Pods-Parstagram-frameworks-${CONFIGURATION}-input-files.xcfilelist",
			);
			name = "[CP] Embed Pods Frameworks";
			outputFileListPaths = (
				"${PODS_ROOT}/Target Support Files/Pods-Parstagram/Pods-Parstagram-frameworks-${CONFIGURATION}-output-files.xcfilelist",
			);
			runOnlyForDeploymentPostprocessing = 0;
			shellPath = /bin/sh;
			shellScript = "\"${PODS_ROOT}/Target Support Files/Pods-Parstagram/Pods-Parstagram-frameworks.sh\"\n";
			showEnvVarsInLog = 0;
		};
		7868A3BBFA087CB2C84DC631 /* [CP] Check Pods Manifest.lock */ = {
			isa = PBXShellScriptBuildPhase;
			buildActionMask = 2147483647;
			files = (
			);
			inputFileListPaths = (
			);
			inputPaths = (
				"${PODS_PODFILE_DIR_PATH}/Podfile.lock",
				"${PODS_ROOT}/Manifest.lock",
			);
			name = "[CP] Check Pods Manifest.lock";
			outputFileListPaths = (
			);
			outputPaths = (
				"$(DERIVED_FILE_DIR)/Pods-Parstagram-checkManifestLockResult.txt",
			);
			runOnlyForDeploymentPostprocessing = 0;
			shellPath = /bin/sh;
			shellScript = "diff \"${PODS_PODFILE_DIR_PATH}/Podfile.lock\" \"${PODS_ROOT}/Manifest.lock\" > /dev/null\nif [ $? != 0 ] ; then\n    # print error to STDERR\n    echo \"error: The sandbox is not in sync with the Podfile.lock. Run 'pod install' or update your CocoaPods installation.\" >&2\n    exit 1\nfi\n# This output is used by Xcode 'outputs' to avoid re-running this script phase.\necho \"SUCCESS\" > \"${SCRIPT_OUTPUT_FILE_0}\"\n";
			showEnvVarsInLog = 0;
		};
		78CD82A573EAC4E3D93EBDE8 /* [CP] Check Pods Manifest.lock */ = {
			isa = PBXShellScriptBuildPhase;
			buildActionMask = 2147483647;
			files = (
			);
			inputFileListPaths = (
			);
			inputPaths = (
				"${PODS_PODFILE_DIR_PATH}/Podfile.lock",
				"${PODS_ROOT}/Manifest.lock",
			);
			name = "[CP] Check Pods Manifest.lock";
			outputFileListPaths = (
			);
			outputPaths = (
				"$(DERIVED_FILE_DIR)/Pods-Parstagram-ParstagramUITests-checkManifestLockResult.txt",
			);
			runOnlyForDeploymentPostprocessing = 0;
			shellPath = /bin/sh;
			shellScript = "diff \"${PODS_PODFILE_DIR_PATH}/Podfile.lock\" \"${PODS_ROOT}/Manifest.lock\" > /dev/null\nif [ $? != 0 ] ; then\n    # print error to STDERR\n    echo \"error: The sandbox is not in sync with the Podfile.lock. Run 'pod install' or update your CocoaPods installation.\" >&2\n    exit 1\nfi\n# This output is used by Xcode 'outputs' to avoid re-running this script phase.\necho \"SUCCESS\" > \"${SCRIPT_OUTPUT_FILE_0}\"\n";
			showEnvVarsInLog = 0;
		};
		7E61E58C81E67D19A55B28B6 /* [CP] Check Pods Manifest.lock */ = {
			isa = PBXShellScriptBuildPhase;
			buildActionMask = 2147483647;
			files = (
			);
			inputFileListPaths = (
			);
			inputPaths = (
				"${PODS_PODFILE_DIR_PATH}/Podfile.lock",
				"${PODS_ROOT}/Manifest.lock",
			);
			name = "[CP] Check Pods Manifest.lock";
			outputFileListPaths = (
			);
			outputPaths = (
				"$(DERIVED_FILE_DIR)/Pods-ParstagramTests-checkManifestLockResult.txt",
			);
			runOnlyForDeploymentPostprocessing = 0;
			shellPath = /bin/sh;
			shellScript = "diff \"${PODS_PODFILE_DIR_PATH}/Podfile.lock\" \"${PODS_ROOT}/Manifest.lock\" > /dev/null\nif [ $? != 0 ] ; then\n    # print error to STDERR\n    echo \"error: The sandbox is not in sync with the Podfile.lock. Run 'pod install' or update your CocoaPods installation.\" >&2\n    exit 1\nfi\n# This output is used by Xcode 'outputs' to avoid re-running this script phase.\necho \"SUCCESS\" > \"${SCRIPT_OUTPUT_FILE_0}\"\n";
			showEnvVarsInLog = 0;
		};
		87DFB9FB657046D27784B64D /* [CP] Embed Pods Frameworks */ = {
			isa = PBXShellScriptBuildPhase;
			buildActionMask = 2147483647;
			files = (
			);
			inputFileListPaths = (
				"${PODS_ROOT}/Target Support Files/Pods-Parstagram-ParstagramUITests/Pods-Parstagram-ParstagramUITests-frameworks-${CONFIGURATION}-input-files.xcfilelist",
			);
			name = "[CP] Embed Pods Frameworks";
			outputFileListPaths = (
				"${PODS_ROOT}/Target Support Files/Pods-Parstagram-ParstagramUITests/Pods-Parstagram-ParstagramUITests-frameworks-${CONFIGURATION}-output-files.xcfilelist",
			);
			runOnlyForDeploymentPostprocessing = 0;
			shellPath = /bin/sh;
			shellScript = "\"${PODS_ROOT}/Target Support Files/Pods-Parstagram-ParstagramUITests/Pods-Parstagram-ParstagramUITests-frameworks.sh\"\n";
			showEnvVarsInLog = 0;
		};
/* End PBXShellScriptBuildPhase section */

/* Begin PBXSourcesBuildPhase section */
		CAFE22C925D13152009CAAFA /* Sources */ = {
			isa = PBXSourcesBuildPhase;
			buildActionMask = 2147483647;
			files = (
				CAFE231025D13B8C009CAAFA /* LoginViewController.swift in Sources */,
				CAFE231A25D14B1F009CAAFA /* CameraViewController.swift in Sources */,
				CAFE22D125D13152009CAAFA /* AppDelegate.swift in Sources */,
				CAFE231525D13B9B009CAAFA /* FeedViewController.swift in Sources */,
				CAFE22D325D13152009CAAFA /* SceneDelegate.swift in Sources */,
				CAFE233225D15498009CAAFA /* PostCell.swift in Sources */,
			);
			runOnlyForDeploymentPostprocessing = 0;
		};
		CAFE22DF25D13154009CAAFA /* Sources */ = {
			isa = PBXSourcesBuildPhase;
			buildActionMask = 2147483647;
			files = (
				CAFE22E825D13154009CAAFA /* ParstagramTests.swift in Sources */,
			);
			runOnlyForDeploymentPostprocessing = 0;
		};
		CAFE22EA25D13154009CAAFA /* Sources */ = {
			isa = PBXSourcesBuildPhase;
			buildActionMask = 2147483647;
			files = (
				CAFE22F325D13154009CAAFA /* ParstagramUITests.swift in Sources */,
			);
			runOnlyForDeploymentPostprocessing = 0;
		};
/* End PBXSourcesBuildPhase section */

/* Begin PBXTargetDependency section */
		CAFE22E525D13154009CAAFA /* PBXTargetDependency */ = {
			isa = PBXTargetDependency;
			target = CAFE22CC25D13152009CAAFA /* Parstagram */;
			targetProxy = CAFE22E425D13154009CAAFA /* PBXContainerItemProxy */;
		};
		CAFE22F025D13154009CAAFA /* PBXTargetDependency */ = {
			isa = PBXTargetDependency;
			target = CAFE22CC25D13152009CAAFA /* Parstagram */;
			targetProxy = CAFE22EF25D13154009CAAFA /* PBXContainerItemProxy */;
		};
/* End PBXTargetDependency section */

/* Begin PBXVariantGroup section */
		CAFE22D625D13152009CAAFA /* Main.storyboard */ = {
			isa = PBXVariantGroup;
			children = (
				CAFE22D725D13152009CAAFA /* Base */,
			);
			name = Main.storyboard;
			sourceTree = "<group>";
		};
		CAFE22DB25D13153009CAAFA /* LaunchScreen.storyboard */ = {
			isa = PBXVariantGroup;
			children = (
				CAFE22DC25D13153009CAAFA /* Base */,
			);
			name = LaunchScreen.storyboard;
			sourceTree = "<group>";
		};
/* End PBXVariantGroup section */

/* Begin XCBuildConfiguration section */
		CAFE22F525D13154009CAAFA /* Debug */ = {
			isa = XCBuildConfiguration;
			buildSettings = {
				ALWAYS_SEARCH_USER_PATHS = NO;
				CLANG_ANALYZER_NONNULL = YES;
				CLANG_ANALYZER_NUMBER_OBJECT_CONVERSION = YES_AGGRESSIVE;
				CLANG_CXX_LANGUAGE_STANDARD = "gnu++14";
				CLANG_CXX_LIBRARY = "libc++";
				CLANG_ENABLE_MODULES = YES;
				CLANG_ENABLE_OBJC_ARC = YES;
				CLANG_ENABLE_OBJC_WEAK = YES;
				CLANG_WARN_BLOCK_CAPTURE_AUTORELEASING = YES;
				CLANG_WARN_BOOL_CONVERSION = YES;
				CLANG_WARN_COMMA = YES;
				CLANG_WARN_CONSTANT_CONVERSION = YES;
				CLANG_WARN_DEPRECATED_OBJC_IMPLEMENTATIONS = YES;
				CLANG_WARN_DIRECT_OBJC_ISA_USAGE = YES_ERROR;
				CLANG_WARN_DOCUMENTATION_COMMENTS = YES;
				CLANG_WARN_EMPTY_BODY = YES;
				CLANG_WARN_ENUM_CONVERSION = YES;
				CLANG_WARN_INFINITE_RECURSION = YES;
				CLANG_WARN_INT_CONVERSION = YES;
				CLANG_WARN_NON_LITERAL_NULL_CONVERSION = YES;
				CLANG_WARN_OBJC_IMPLICIT_RETAIN_SELF = YES;
				CLANG_WARN_OBJC_LITERAL_CONVERSION = YES;
				CLANG_WARN_OBJC_ROOT_CLASS = YES_ERROR;
				CLANG_WARN_QUOTED_INCLUDE_IN_FRAMEWORK_HEADER = YES;
				CLANG_WARN_RANGE_LOOP_ANALYSIS = YES;
				CLANG_WARN_STRICT_PROTOTYPES = YES;
				CLANG_WARN_SUSPICIOUS_MOVE = YES;
				CLANG_WARN_UNGUARDED_AVAILABILITY = YES_AGGRESSIVE;
				CLANG_WARN_UNREACHABLE_CODE = YES;
				CLANG_WARN__DUPLICATE_METHOD_MATCH = YES;
				COPY_PHASE_STRIP = NO;
				DEBUG_INFORMATION_FORMAT = dwarf;
				ENABLE_STRICT_OBJC_MSGSEND = YES;
				ENABLE_TESTABILITY = YES;
				GCC_C_LANGUAGE_STANDARD = gnu11;
				GCC_DYNAMIC_NO_PIC = NO;
				GCC_NO_COMMON_BLOCKS = YES;
				GCC_OPTIMIZATION_LEVEL = 0;
				GCC_PREPROCESSOR_DEFINITIONS = (
					"DEBUG=1",
					"$(inherited)",
				);
				GCC_WARN_64_TO_32_BIT_CONVERSION = YES;
				GCC_WARN_ABOUT_RETURN_TYPE = YES_ERROR;
				GCC_WARN_UNDECLARED_SELECTOR = YES;
				GCC_WARN_UNINITIALIZED_AUTOS = YES_AGGRESSIVE;
				GCC_WARN_UNUSED_FUNCTION = YES;
				GCC_WARN_UNUSED_VARIABLE = YES;
				IPHONEOS_DEPLOYMENT_TARGET = 14.4;
				MTL_ENABLE_DEBUG_INFO = INCLUDE_SOURCE;
				MTL_FAST_MATH = YES;
				ONLY_ACTIVE_ARCH = YES;
				SDKROOT = iphoneos;
				SWIFT_ACTIVE_COMPILATION_CONDITIONS = DEBUG;
				SWIFT_OPTIMIZATION_LEVEL = "-Onone";
			};
			name = Debug;
		};
		CAFE22F625D13154009CAAFA /* Release */ = {
			isa = XCBuildConfiguration;
			buildSettings = {
				ALWAYS_SEARCH_USER_PATHS = NO;
				CLANG_ANALYZER_NONNULL = YES;
				CLANG_ANALYZER_NUMBER_OBJECT_CONVERSION = YES_AGGRESSIVE;
				CLANG_CXX_LANGUAGE_STANDARD = "gnu++14";
				CLANG_CXX_LIBRARY = "libc++";
				CLANG_ENABLE_MODULES = YES;
				CLANG_ENABLE_OBJC_ARC = YES;
				CLANG_ENABLE_OBJC_WEAK = YES;
				CLANG_WARN_BLOCK_CAPTURE_AUTORELEASING = YES;
				CLANG_WARN_BOOL_CONVERSION = YES;
				CLANG_WARN_COMMA = YES;
				CLANG_WARN_CONSTANT_CONVERSION = YES;
				CLANG_WARN_DEPRECATED_OBJC_IMPLEMENTATIONS = YES;
				CLANG_WARN_DIRECT_OBJC_ISA_USAGE = YES_ERROR;
				CLANG_WARN_DOCUMENTATION_COMMENTS = YES;
				CLANG_WARN_EMPTY_BODY = YES;
				CLANG_WARN_ENUM_CONVERSION = YES;
				CLANG_WARN_INFINITE_RECURSION = YES;
				CLANG_WARN_INT_CONVERSION = YES;
				CLANG_WARN_NON_LITERAL_NULL_CONVERSION = YES;
				CLANG_WARN_OBJC_IMPLICIT_RETAIN_SELF = YES;
				CLANG_WARN_OBJC_LITERAL_CONVERSION = YES;
				CLANG_WARN_OBJC_ROOT_CLASS = YES_ERROR;
				CLANG_WARN_QUOTED_INCLUDE_IN_FRAMEWORK_HEADER = YES;
				CLANG_WARN_RANGE_LOOP_ANALYSIS = YES;
				CLANG_WARN_STRICT_PROTOTYPES = YES;
				CLANG_WARN_SUSPICIOUS_MOVE = YES;
				CLANG_WARN_UNGUARDED_AVAILABILITY = YES_AGGRESSIVE;
				CLANG_WARN_UNREACHABLE_CODE = YES;
				CLANG_WARN__DUPLICATE_METHOD_MATCH = YES;
				COPY_PHASE_STRIP = NO;
				DEBUG_INFORMATION_FORMAT = "dwarf-with-dsym";
				ENABLE_NS_ASSERTIONS = NO;
				ENABLE_STRICT_OBJC_MSGSEND = YES;
				GCC_C_LANGUAGE_STANDARD = gnu11;
				GCC_NO_COMMON_BLOCKS = YES;
				GCC_WARN_64_TO_32_BIT_CONVERSION = YES;
				GCC_WARN_ABOUT_RETURN_TYPE = YES_ERROR;
				GCC_WARN_UNDECLARED_SELECTOR = YES;
				GCC_WARN_UNINITIALIZED_AUTOS = YES_AGGRESSIVE;
				GCC_WARN_UNUSED_FUNCTION = YES;
				GCC_WARN_UNUSED_VARIABLE = YES;
				IPHONEOS_DEPLOYMENT_TARGET = 14.4;
				MTL_ENABLE_DEBUG_INFO = NO;
				MTL_FAST_MATH = YES;
				SDKROOT = iphoneos;
				SWIFT_COMPILATION_MODE = wholemodule;
				SWIFT_OPTIMIZATION_LEVEL = "-O";
				VALIDATE_PRODUCT = YES;
			};
			name = Release;
		};
		CAFE22F825D13154009CAAFA /* Debug */ = {
			isa = XCBuildConfiguration;
			baseConfigurationReference = 835C7590A3AE01D8AE0703E6 /* Pods-Parstagram.debug.xcconfig */;
			buildSettings = {
				ASSETCATALOG_COMPILER_APPICON_NAME = AppIcon;
				ASSETCATALOG_COMPILER_GLOBAL_ACCENT_COLOR_NAME = AccentColor;
				CODE_SIGN_STYLE = Automatic;
				INFOPLIST_FILE = Parstagram/Info.plist;
				LD_RUNPATH_SEARCH_PATHS = (
					"$(inherited)",
					"@executable_path/Frameworks",
				);
				PRODUCT_BUNDLE_IDENTIFIER = com.codepath.Parstagram;
				PRODUCT_NAME = "$(TARGET_NAME)";
				SWIFT_VERSION = 5.0;
				TARGETED_DEVICE_FAMILY = "1,2";
			};
			name = Debug;
		};
		CAFE22F925D13154009CAAFA /* Release */ = {
			isa = XCBuildConfiguration;
			baseConfigurationReference = C46DE22A32033CFB8EF699AD /* Pods-Parstagram.release.xcconfig */;
			buildSettings = {
				ASSETCATALOG_COMPILER_APPICON_NAME = AppIcon;
				ASSETCATALOG_COMPILER_GLOBAL_ACCENT_COLOR_NAME = AccentColor;
				CODE_SIGN_STYLE = Automatic;
				INFOPLIST_FILE = Parstagram/Info.plist;
				LD_RUNPATH_SEARCH_PATHS = (
					"$(inherited)",
					"@executable_path/Frameworks",
				);
				PRODUCT_BUNDLE_IDENTIFIER = com.codepath.Parstagram;
				PRODUCT_NAME = "$(TARGET_NAME)";
				SWIFT_VERSION = 5.0;
				TARGETED_DEVICE_FAMILY = "1,2";
			};
			name = Release;
		};
		CAFE22FB25D13154009CAAFA /* Debug */ = {
			isa = XCBuildConfiguration;
			baseConfigurationReference = A61CE1EF719FEA26DC5EF120 /* Pods-ParstagramTests.debug.xcconfig */;
			buildSettings = {
				ALWAYS_EMBED_SWIFT_STANDARD_LIBRARIES = YES;
				BUNDLE_LOADER = "$(TEST_HOST)";
				CODE_SIGN_STYLE = Automatic;
				INFOPLIST_FILE = ParstagramTests/Info.plist;
				IPHONEOS_DEPLOYMENT_TARGET = 14.4;
				LD_RUNPATH_SEARCH_PATHS = (
					"$(inherited)",
					"@executable_path/Frameworks",
					"@loader_path/Frameworks",
				);
				PRODUCT_BUNDLE_IDENTIFIER = com.codepath.ParstagramTests;
				PRODUCT_NAME = "$(TARGET_NAME)";
				SWIFT_VERSION = 5.0;
				TARGETED_DEVICE_FAMILY = "1,2";
				TEST_HOST = "$(BUILT_PRODUCTS_DIR)/Parstagram.app/Parstagram";
			};
			name = Debug;
		};
		CAFE22FC25D13154009CAAFA /* Release */ = {
			isa = XCBuildConfiguration;
			baseConfigurationReference = 26C285B9372FA687374880D3 /* Pods-ParstagramTests.release.xcconfig */;
			buildSettings = {
				ALWAYS_EMBED_SWIFT_STANDARD_LIBRARIES = YES;
				BUNDLE_LOADER = "$(TEST_HOST)";
				CODE_SIGN_STYLE = Automatic;
				INFOPLIST_FILE = ParstagramTests/Info.plist;
				IPHONEOS_DEPLOYMENT_TARGET = 14.4;
				LD_RUNPATH_SEARCH_PATHS = (
					"$(inherited)",
					"@executable_path/Frameworks",
					"@loader_path/Frameworks",
				);
				PRODUCT_BUNDLE_IDENTIFIER = com.codepath.ParstagramTests;
				PRODUCT_NAME = "$(TARGET_NAME)";
				SWIFT_VERSION = 5.0;
				TARGETED_DEVICE_FAMILY = "1,2";
				TEST_HOST = "$(BUILT_PRODUCTS_DIR)/Parstagram.app/Parstagram";
			};
			name = Release;
		};
		CAFE22FE25D13154009CAAFA /* Debug */ = {
			isa = XCBuildConfiguration;
			baseConfigurationReference = 2EEE145740C989EEF26C187E /* Pods-Parstagram-ParstagramUITests.debug.xcconfig */;
			buildSettings = {
				ALWAYS_EMBED_SWIFT_STANDARD_LIBRARIES = YES;
				CODE_SIGN_STYLE = Automatic;
				INFOPLIST_FILE = ParstagramUITests/Info.plist;
				LD_RUNPATH_SEARCH_PATHS = (
					"$(inherited)",
					"@executable_path/Frameworks",
					"@loader_path/Frameworks",
				);
				PRODUCT_BUNDLE_IDENTIFIER = com.codepath.ParstagramUITests;
				PRODUCT_NAME = "$(TARGET_NAME)";
				SWIFT_VERSION = 5.0;
				TARGETED_DEVICE_FAMILY = "1,2";
				TEST_TARGET_NAME = Parstagram;
			};
			name = Debug;
		};
		CAFE22FF25D13154009CAAFA /* Release */ = {
			isa = XCBuildConfiguration;
			baseConfigurationReference = F7797EF57B1764B87096C8AE /* Pods-Parstagram-ParstagramUITests.release.xcconfig */;
			buildSettings = {
				ALWAYS_EMBED_SWIFT_STANDARD_LIBRARIES = YES;
				CODE_SIGN_STYLE = Automatic;
				INFOPLIST_FILE = ParstagramUITests/Info.plist;
				LD_RUNPATH_SEARCH_PATHS = (
					"$(inherited)",
					"@executable_path/Frameworks",
					"@loader_path/Frameworks",
				);
				PRODUCT_BUNDLE_IDENTIFIER = com.codepath.ParstagramUITests;
				PRODUCT_NAME = "$(TARGET_NAME)";
				SWIFT_VERSION = 5.0;
				TARGETED_DEVICE_FAMILY = "1,2";
				TEST_TARGET_NAME = Parstagram;
			};
			name = Release;
		};
/* End XCBuildConfiguration section */

/* Begin XCConfigurationList section */
		CAFE22C825D13152009CAAFA /* Build configuration list for PBXProject "Parstagram" */ = {
			isa = XCConfigurationList;
			buildConfigurations = (
				CAFE22F525D13154009CAAFA /* Debug */,
				CAFE22F625D13154009CAAFA /* Release */,
			);
			defaultConfigurationIsVisible = 0;
			defaultConfigurationName = Release;
		};
		CAFE22F725D13154009CAAFA /* Build configuration list for PBXNativeTarget "Parstagram" */ = {
			isa = XCConfigurationList;
			buildConfigurations = (
				CAFE22F825D13154009CAAFA /* Debug */,
				CAFE22F925D13154009CAAFA /* Release */,
			);
			defaultConfigurationIsVisible = 0;
			defaultConfigurationName = Release;
		};
		CAFE22FA25D13154009CAAFA /* Build configuration list for PBXNativeTarget "ParstagramTests" */ = {
			isa = XCConfigurationList;
			buildConfigurations = (
				CAFE22FB25D13154009CAAFA /* Debug */,
				CAFE22FC25D13154009CAAFA /* Release */,
			);
			defaultConfigurationIsVisible = 0;
			defaultConfigurationName = Release;
		};
		CAFE22FD25D13154009CAAFA /* Build configuration list for PBXNativeTarget "ParstagramUITests" */ = {
			isa = XCConfigurationList;
			buildConfigurations = (
				CAFE22FE25D13154009CAAFA /* Debug */,
				CAFE22FF25D13154009CAAFA /* Release */,
			);
			defaultConfigurationIsVisible = 0;
			defaultConfigurationName = Release;
		};
/* End XCConfigurationList section */
	};
	rootObject = CAFE22C525D13152009CAAFA /* Project object */;
}
